
Microsoft Visual Studio Solution File, Format Version 12.00
# Visual Studio 15
VisualStudioVersion = 15.0.28010.2036
MinimumVisualStudioVersion = 10.0.40219.1
Project("{9A19103F-16F7-4668-BE54-9A1E7A4F7556}") = "KmaOoad18.Final.P1", "KmaOoad18.Final.P1.csproj", "{A9DCF7CC-0D0B-4E29-8D98-FB378F4F347D}"
EndProject
Global
	GlobalSection(SolutionConfigurationPlatforms) = preSolution
		Debug|Any CPU = Debug|Any CPU
		Release|Any CPU = Release|Any CPU
	EndGlobalSection
	GlobalSection(ProjectConfigurationPlatforms) = postSolution
		{A9DCF7CC-0D0B-4E29-8D98-FB378F4F347D}.Debug|Any CPU.ActiveCfg = Debug|Any CPU
		{A9DCF7CC-0D0B-4E29-8D98-FB378F4F347D}.Debug|Any CPU.Build.0 = Debug|Any CPU
		{A9DCF7CC-0D0B-4E29-8D98-FB378F4F347D}.Release|Any CPU.ActiveCfg = Release|Any CPU
		{A9DCF7CC-0D0B-4E29-8D98-FB378F4F347D}.Release|Any CPU.Build.0 = Release|Any CPU
	EndGlobalSection
	GlobalSection(SolutionProperties) = preSolution
		HideSolutionNode = FALSE
	EndGlobalSection
	GlobalSection(ExtensibilityGlobals) = postSolution
		SolutionGuid = {055C6393-2048-4C07-9F7C-A66821928805}
	EndGlobalSection
EndGlobal
